
Microsoft Visual Studio Solution File, Format Version 12.00
# Visual Studio 15
VisualStudioVersion = 15.0.28307.106
MinimumVisualStudioVersion = 10.0.40219.1
Project("{FAE04EC0-301F-11D3-BF4B-00C04F79EFBC}") = "CountingRoadNetworks", "CountingRoadNetworks\CountingRoadNetworks.csproj", "{F73C8958-6810-427C-8B0C-9DB900EDF5E8}"
EndProject
Global
	GlobalSection(SolutionConfigurationPlatforms) = preSolution
		Debug|Any CPU = Debug|Any CPU
		Release|Any CPU = Release|Any CPU
	EndGlobalSection
	GlobalSection(ProjectConfigurationPlatforms) = postSolution
		{F73C8958-6810-427C-8B0C-9DB900EDF5E8}.Debug|Any CPU.ActiveCfg = Debug|Any CPU
		{F73C8958-6810-427C-8B0C-9DB900EDF5E8}.Debug|Any CPU.Build.0 = Debug|Any CPU
		{F73C8958-6810-427C-8B0C-9DB900EDF5E8}.Release|Any CPU.ActiveCfg = Release|Any CPU
		{F73C8958-6810-427C-8B0C-9DB900EDF5E8}.Release|Any CPU.Build.0 = Release|Any CPU
	EndGlobalSection
	GlobalSection(SolutionProperties) = preSolution
		HideSolutionNode = FALSE
	EndGlobalSection
	GlobalSection(ExtensibilityGlobals) = postSolution
		SolutionGuid = {89893DBE-24BB-455D-B408-B6EED2CA6561}
	EndGlobalSection
EndGlobal
